dependencies:
- name: easycar-common
  repository: file://../../easycar-common
  version: 0.1.0
- name: configserver
  repository: file://../../easycar-services/configserver
  version: 0.1.0
- name: gatewayserver
  repository: file://../../easycar-services/gatewayserver
  version: 0.1.0
- name: message
  repository: file://../../easycar-services/message
  version: 0.1.0
- name: order-service
  repository: file://../../easycar-services/order-service
  version: 0.1.0
- name: product-service
  repository: file://../../easycar-services/product-service
  version: 0.1.0
digest: sha256:c4810f33a78f8a1edd73f7959ddbd08c6126e0d82473724b667278d389d20b69
generated: "2025-08-26T07:54:10.4230275+02:00"
